
Microsoft Visual Studio Solution File, Format Version 12.00
# Visual Studio Version 17
VisualStudioVersion = 17.12.35527.113
MinimumVisualStudioVersion = 10.0.40219.1
Project("{FAE04EC0-301F-11D3-BF4B-00C04F79EFBC}") = "Chronolap", "Chronolap\Chronolap.csproj", "{0D75697D-8F32-49DF-A8E1-4F9E0ECE64BA}"
EndProject
Project("{FAE04EC0-301F-11D3-BF4B-00C04F79EFBC}") = "Chronolap.Tests", "Chronolap.Tests\Chronolap.Tests.csproj", "{F3F06F0D-B43A-4267-854C-98611795B256}"
EndProject
Project("{FAE04EC0-301F-11D3-BF4B-00C04F79EFBC}") = "Chronolap.OpenTelemetry", "Chronolap.OpenTelemetry\Chronolap.OpenTelemetry.csproj", "{AB8CE239-6A6F-424D-99D3-440FF1EED138}"
EndProject
Project("{FAE04EC0-301F-11D3-BF4B-00C04F79EFBC}") = "Chronolap.Extensions.Logging", "Chronolap.Extensions.Logging\Chronolap.Extensions.Logging.csproj", "{87DF7435-9452-41C8-AC3B-8A254E1F5042}"
EndProject
Project("{FAE04EC0-301F-11D3-BF4B-00C04F79EFBC}") = "Chronolap.Profiler", "Chronolap.Profiler\Chronolap.Profiler.csproj", "{3A60C7A0-F07C-4B76-9DED-C0C60C7B0E0D}"
EndProject
Global
	GlobalSection(SolutionConfigurationPlatforms) = preSolution
		Debug|Any CPU = Debug|Any CPU
		Debug|x64 = Debug|x64
		Debug|x86 = Debug|x86
		Release|Any CPU = Release|Any CPU
		Release|x64 = Release|x64
		Release|x86 = Release|x86
	EndGlobalSection
	GlobalSection(ProjectConfigurationPlatforms) = postSolution
		{0D75697D-8F32-49DF-A8E1-4F9E0ECE64BA}.Debug|Any CPU.ActiveCfg = Debug|Any CPU
		{0D75697D-8F32-49DF-A8E1-4F9E0ECE64BA}.Debug|Any CPU.Build.0 = Debug|Any CPU
		{0D75697D-8F32-49DF-A8E1-4F9E0ECE64BA}.Debug|x64.ActiveCfg = Debug|Any CPU
		{0D75697D-8F32-49DF-A8E1-4F9E0ECE64BA}.Debug|x64.Build.0 = Debug|Any CPU
		{0D75697D-8F32-49DF-A8E1-4F9E0ECE64BA}.Debug|x86.ActiveCfg = Debug|Any CPU
		{0D75697D-8F32-49DF-A8E1-4F9E0ECE64BA}.Debug|x86.Build.0 = Debug|Any CPU
		{0D75697D-8F32-49DF-A8E1-4F9E0ECE64BA}.Release|Any CPU.ActiveCfg = Release|Any CPU
		{0D75697D-8F32-49DF-A8E1-4F9E0ECE64BA}.Release|Any CPU.Build.0 = Release|Any CPU
		{0D75697D-8F32-49DF-A8E1-4F9E0ECE64BA}.Release|x64.ActiveCfg = Release|Any CPU
		{0D75697D-8F32-49DF-A8E1-4F9E0ECE64BA}.Release|x64.Build.0 = Release|Any CPU
		{0D75697D-8F32-49DF-A8E1-4F9E0ECE64BA}.Release|x86.ActiveCfg = Release|Any CPU
		{0D75697D-8F32-49DF-A8E1-4F9E0ECE64BA}.Release|x86.Build.0 = Release|Any CPU
		{F3F06F0D-B43A-4267-854C-98611795B256}.Debug|Any CPU.ActiveCfg = Debug|Any CPU
		{F3F06F0D-B43A-4267-854C-98611795B256}.Debug|Any CPU.Build.0 = Debug|Any CPU
		{F3F06F0D-B43A-4267-854C-98611795B256}.Debug|x64.ActiveCfg = Debug|Any CPU
		{F3F06F0D-B43A-4267-854C-98611795B256}.Debug|x64.Build.0 = Debug|Any CPU
		{F3F06F0D-B43A-4267-854C-98611795B256}.Debug|x86.ActiveCfg = Debug|Any CPU
		{F3F06F0D-B43A-4267-854C-98611795B256}.Debug|x86.Build.0 = Debug|Any CPU
		{F3F06F0D-B43A-4267-854C-98611795B256}.Release|Any CPU.ActiveCfg = Release|Any CPU
		{F3F06F0D-B43A-4267-854C-98611795B256}.Release|Any CPU.Build.0 = Release|Any CPU
		{F3F06F0D-B43A-4267-854C-98611795B256}.Release|x64.ActiveCfg = Release|Any CPU
		{F3F06F0D-B43A-4267-854C-98611795B256}.Release|x64.Build.0 = Release|Any CPU
		{F3F06F0D-B43A-4267-854C-98611795B256}.Release|x86.ActiveCfg = Release|Any CPU
		{F3F06F0D-B43A-4267-854C-98611795B256}.Release|x86.Build.0 = Release|Any CPU
		{AB8CE239-6A6F-424D-99D3-440FF1EED138}.Debug|Any CPU.ActiveCfg = Debug|Any CPU
		{AB8CE239-6A6F-424D-99D3-440FF1EED138}.Debug|Any CPU.Build.0 = Debug|Any CPU
		{AB8CE239-6A6F-424D-99D3-440FF1EED138}.Debug|x64.ActiveCfg = Debug|Any CPU
		{AB8CE239-6A6F-424D-99D3-440FF1EED138}.Debug|x64.Build.0 = Debug|Any CPU
		{AB8CE239-6A6F-424D-99D3-440FF1EED138}.Debug|x86.ActiveCfg = Debug|Any CPU
		{AB8CE239-6A6F-424D-99D3-440FF1EED138}.Debug|x86.Build.0 = Debug|Any CPU
		{AB8CE239-6A6F-424D-99D3-440FF1EED138}.Release|Any CPU.ActiveCfg = Release|Any CPU
		{AB8CE239-6A6F-424D-99D3-440FF1EED138}.Release|Any CPU.Build.0 = Release|Any CPU
		{AB8CE239-6A6F-424D-99D3-440FF1EED138}.Release|x64.ActiveCfg = Release|Any CPU
		{AB8CE239-6A6F-424D-99D3-440FF1EED138}.Release|x64.Build.0 = Release|Any CPU
		{AB8CE239-6A6F-424D-99D3-440FF1EED138}.Release|x86.ActiveCfg = Release|Any CPU
		{AB8CE239-6A6F-424D-99D3-440FF1EED138}.Release|x86.Build.0 = Release|Any CPU
		{87DF7435-9452-41C8-AC3B-8A254E1F5042}.Debug|Any CPU.ActiveCfg = Debug|Any CPU
		{87DF7435-9452-41C8-AC3B-8A254E1F5042}.Debug|Any CPU.Build.0 = Debug|Any CPU
		{87DF7435-9452-41C8-AC3B-8A254E1F5042}.Debug|x64.ActiveCfg = Debug|Any CPU
		{87DF7435-9452-41C8-AC3B-8A254E1F5042}.Debug|x64.Build.0 = Debug|Any CPU
		{87DF7435-9452-41C8-AC3B-8A254E1F5042}.Debug|x86.ActiveCfg = Debug|Any CPU
		{87DF7435-9452-41C8-AC3B-8A254E1F5042}.Debug|x86.Build.0 = Debug|Any CPU
		{87DF7435-9452-41C8-AC3B-8A254E1F5042}.Release|Any CPU.ActiveCfg = Release|Any CPU
		{87DF7435-9452-41C8-AC3B-8A254E1F5042}.Release|Any CPU.Build.0 = Release|Any CPU
		{87DF7435-9452-41C8-AC3B-8A254E1F5042}.Release|x64.ActiveCfg = Release|Any CPU
		{87DF7435-9452-41C8-AC3B-8A254E1F5042}.Release|x64.Build.0 = Release|Any CPU
		{87DF7435-9452-41C8-AC3B-8A254E1F5042}.Release|x86.ActiveCfg = Release|Any CPU
		{87DF7435-9452-41C8-AC3B-8A254E1F5042}.Release|x86.Build.0 = Release|Any CPU
		{3A60C7A0-F07C-4B76-9DED-C0C60C7B0E0D}.Debug|Any CPU.ActiveCfg = Debug|Any CPU
		{3A60C7A0-F07C-4B76-9DED-C0C60C7B0E0D}.Debug|Any CPU.Build.0 = Debug|Any CPU
		{3A60C7A0-F07C-4B76-9DED-C0C60C7B0E0D}.Debug|x64.ActiveCfg = Debug|Any CPU
		{3A60C7A0-F07C-4B76-9DED-C0C60C7B0E0D}.Debug|x64.Build.0 = Debug|Any CPU
		{3A60C7A0-F07C-4B76-9DED-C0C60C7B0E0D}.Debug|x86.ActiveCfg = Debug|Any CPU
		{3A60C7A0-F07C-4B76-9DED-C0C60C7B0E0D}.Debug|x86.Build.0 = Debug|Any CPU
		{3A60C7A0-F07C-4B76-9DED-C0C60C7B0E0D}.Release|Any CPU.ActiveCfg = Release|Any CPU
		{3A60C7A0-F07C-4B76-9DED-C0C60C7B0E0D}.Release|Any CPU.Build.0 = Release|Any CPU
		{3A60C7A0-F07C-4B76-9DED-C0C60C7B0E0D}.Release|x64.ActiveCfg = Release|Any CPU
		{3A60C7A0-F07C-4B76-9DED-C0C60C7B0E0D}.Release|x64.Build.0 = Release|Any CPU
		{3A60C7A0-F07C-4B76-9DED-C0C60C7B0E0D}.Release|x86.ActiveCfg = Release|Any CPU
		{3A60C7A0-F07C-4B76-9DED-C0C60C7B0E0D}.Release|x86.Build.0 = Release|Any CPU
	EndGlobalSection
	GlobalSection(SolutionProperties) = preSolution
		HideSolutionNode = FALSE
	EndGlobalSection
EndGlobal
